Microsoft Visual Studio Solution File, Format Version 12.00
# Visual Studio Version 16
VisualStudioVersion = 16.0.0.0
MinimumVisualStudioVersion = 16.0.0.0
Project("{9A19103F-16F7-4668-BE54-9A1E7A4F7556}") = "MyBlazorApp", "MyBlazorApp\MyBlazorApp.csproj", "{8099D9AF-53CD-4AA8-86B6-2A7A8157720F}"
EndProject
Project("{9A19103F-16F7-4668-BE54-9A1E7A4F7556}") = "MyBlazorApp.Client", "MyBlazorApp.Client\MyBlazorApp.Client.csproj", "{EC5E2692-EB27-4176-918A-5FE39B643EAF}"
EndProject
Global
	GlobalSection(SolutionConfigurationPlatforms) = preSolution
		Debug|Any CPU = Debug|Any CPU
		Debug|x64 = Debug|x64
		Debug|x86 = Debug|x86
		Release|Any CPU = Release|Any CPU
		Release|x64 = Release|x64
		Release|x86 = Release|x86
	EndGlobalSection
	GlobalSection(ProjectConfigurationPlatforms) = postSolution
		{EC5E2692-EB27-4176-918A-5FE39B643EAF}.Debug|Any CPU.ActiveCfg = Debug|Any CPU
		{EC5E2692-EB27-4176-918A-5FE39B643EAF}.Debug|Any CPU.Build.0 = Debug|Any CPU
		{EC5E2692-EB27-4176-918A-5FE39B643EAF}.Debug|x64.ActiveCfg = Debug|Any CPU
		{EC5E2692-EB27-4176-918A-5FE39B643EAF}.Debug|x64.Build.0 = Debug|Any CPU
		{EC5E2692-EB27-4176-918A-5FE39B643EAF}.Debug|x86.ActiveCfg = Debug|Any CPU
		{EC5E2692-EB27-4176-918A-5FE39B643EAF}.Debug|x86.Build.0 = Debug|Any CPU
		{EC5E2692-EB27-4176-918A-5FE39B643EAF}.Release|Any CPU.ActiveCfg = Release|Any CPU
		{EC5E2692-EB27-4176-918A-5FE39B643EAF}.Release|Any CPU.Build.0 = Release|Any CPU
		{EC5E2692-EB27-4176-918A-5FE39B643EAF}.Release|x64.ActiveCfg = Release|Any CPU
		{EC5E2692-EB27-4176-918A-5FE39B643EAF}.Release|x64.Build.0 = Release|Any CPU
		{EC5E2692-EB27-4176-918A-5FE39B643EAF}.Release|x86.ActiveCfg = Release|Any CPU
		{EC5E2692-EB27-4176-918A-5FE39B643EAF}.Release|x86.Build.0 = Release|Any CPU
		{8099D9AF-53CD-4AA8-86B6-2A7A8157720F}.Debug|Any CPU.ActiveCfg = Debug|Any CPU
		{8099D9AF-53CD-4AA8-86B6-2A7A8157720F}.Debug|Any CPU.Build.0 = Debug|Any CPU
		{8099D9AF-53CD-4AA8-86B6-2A7A8157720F}.Debug|x64.ActiveCfg = Debug|Any CPU
		{8099D9AF-53CD-4AA8-86B6-2A7A8157720F}.Debug|x64.Build.0 = Debug|Any CPU
		{8099D9AF-53CD-4AA8-86B6-2A7A8157720F}.Debug|x86.ActiveCfg = Debug|Any CPU
		{8099D9AF-53CD-4AA8-86B6-2A7A8157720F}.Debug|x86.Build.0 = Debug|Any CPU
		{8099D9AF-53CD-4AA8-86B6-2A7A8157720F}.Release|Any CPU.ActiveCfg = Release|Any CPU
		{8099D9AF-53CD-4AA8-86B6-2A7A8157720F}.Release|Any CPU.Build.0 = Release|Any CPU
		{8099D9AF-53CD-4AA8-86B6-2A7A8157720F}.Release|x64.ActiveCfg = Release|Any CPU
		{8099D9AF-53CD-4AA8-86B6-2A7A8157720F}.Release|x64.Build.0 = Release|Any CPU
		{8099D9AF-53CD-4AA8-86B6-2A7A8157720F}.Release|x86.ActiveCfg = Release|Any CPU
		{8099D9AF-53CD-4AA8-86B6-2A7A8157720F}.Release|x86.Build.0 = Release|Any CPU
	EndGlobalSection
	GlobalSection(SolutionProperties) = preSolution
		HideSolutionNode = FALSE
	EndGlobalSection
	GlobalSection(ExtensibilityGlobals) = postSolution
		SolutionGuid = {21BEA59F-7459-45CA-8252-354369826E1C}
	EndGlobalSection
EndGlobal
